PODS:
  - adshift_flutter_sdk (1.0.0):
    - AdshiftSDK (~> 1.0)
    - Flutter
  - AdshiftSDK (1.0.0)
  - Flutter (1.0.0)
  - integration_test (0.0.1):
    - Flutter

DEPENDENCIES:
  - adshift_flutter_sdk (from `.symlinks/plugins/adshift_flutter_sdk/ios`)
  - Flutter (from `Flutter`)
  - integration_test (from `.symlinks/plugins/integration_test/ios`)

SPEC REPOS:
  trunk:
    - AdshiftSDK

EXTERNAL SOURCES:
  adshift_flutter_sdk:
    :path: ".symlinks/plugins/adshift_flutter_sdk/ios"
  Flutter:
    :path: Flutter
  integration_test:
    :path: ".symlinks/plugins/integration_test/ios"

SPEC CHECKSUMS:
  adshift_flutter_sdk: e4c044ee46845ef6394f906c110058e6cede73f7
  AdshiftSDK: ff3fea2aa0130eaa5a832d77eb42a7ce09932a2b
  Flutter: cabc95a1d2626b1b06e7179b784ebcf0c0cde467
  integration_test: 4a889634ef21a45d28d50d622cf412dc6d9f586e

PODFILE CHECKSUM: e7d96b3b6555809e82b758f91baa39c2cbdbd512

COCOAPODS: 1.16.2
